
Microsoft Visual Studio Solution File, Format Version 11.00
# Visual Studio 2010
Project("{F2A71F9B-5D33-465A-A702-920D77279786}") = "SearchTrees", "SearchTrees\SearchTrees.fsproj", "{8FE246F6-3689-47A3-9D16-776A3D7BCDCF}"
EndProject
Global
	GlobalSection(SolutionConfigurationPlatforms) = preSolution
		Debug|x86 = Debug|x86
		Release|x86 = Release|x86
	EndGlobalSection
	GlobalSection(ProjectConfigurationPlatforms) = postSolution
		{8FE246F6-3689-47A3-9D16-776A3D7BCDCF}.Debug|x86.ActiveCfg = Debug|x86
		{8FE246F6-3689-47A3-9D16-776A3D7BCDCF}.Debug|x86.Build.0 = Debug|x86
		{8FE246F6-3689-47A3-9D16-776A3D7BCDCF}.Release|x86.ActiveCfg = Release|x86
		{8FE246F6-3689-47A3-9D16-776A3D7BCDCF}.Release|x86.Build.0 = Release|x86
	EndGlobalSection
	GlobalSection(SolutionProperties) = preSolution
		HideSolutionNode = FALSE
	EndGlobalSection
EndGlobal
